// !$*UTF8*$!
{
	archiveVersion = 1;
	classes = {
	};
	objectVersion = 50;
	objects = {

/* Begin PBXBuildFile section */
		D1FC0D9B2177247400A058F1 /* AppDelegate.swift in Sources */ = {isa = PBXBuildFile; fileRef = D1FC0D9A2177247400A058F1 /* AppDelegate.swift */; };
		D1FC0D9D2177247400A058F1 /* ProjectListViewController.swift in Sources */ = {isa = PBXBuildFile; fileRef = D1FC0D9C2177247400A058F1 /* ProjectListViewController.swift */; };
		D1FC0DA02177247400A058F1 /* Main.storyboard in Resources */ = {isa = PBXBuildFile; fileRef = D1FC0D9E2177247400A058F1 /* Main.storyboard */; };
		D1FC0DA22177247500A058F1 /* Assets.xcassets in Resources */ = {isa = PBXBuildFile; fileRef = D1FC0DA12177247500A058F1 /* Assets.xcassets */; };
		D1FC0DA52177247500A058F1 /* LaunchScreen.storyboard in Resources */ = {isa = PBXBuildFile; fileRef = D1FC0DA32177247500A058F1 /* LaunchScreen.storyboard */; };
		D1FC0DAF21772AAA00A058F1 /* Project.swift in Sources */ = {isa = PBXBuildFile; fileRef = D1FC0DAE21772AAA00A058F1 /* Project.swift */; };
		D1FC0DB321772B1B00A058F1 /* ProjectTableViewCell.swift in Sources */ = {isa = PBXBuildFile; fileRef = D1FC0DB221772B1B00A058F1 /* ProjectTableViewCell.swift */; };
		D1FC0DB621772B5200A058F1 /* UITableView.swift in Sources */ = {isa = PBXBuildFile; fileRef = D1FC0DB521772B5200A058F1 /* UITableView.swift */; };
		D1FC0DB821772B9100A058F1 /* UITableViewCell.swift in Sources */ = {isa = PBXBuildFile; fileRef = D1FC0DB721772B9100A058F1 /* UITableViewCell.swift */; };
		D1FC0DBA21772CC700A058F1 /* Int.swift in Sources */ = {isa = PBXBuildFile; fileRef = D1FC0DB921772CC700A058F1 /* Int.swift */; };
		D1FC0DBC21772DC200A058F1 /* NumberFormatter.swift in Sources */ = {isa = PBXBuildFile; fileRef = D1FC0DBB21772DC200A058F1 /* NumberFormatter.swift */; };
		D1FC0DBE2177303600A058F1 /* ProjectDetailsViewController.swift in Sources */ = {isa = PBXBuildFile; fileRef = D1FC0DBD2177303600A058F1 /* ProjectDetailsViewController.swift */; };
		D1FC0DC02177389000A058F1 /* .gitignore in Resources */ = {isa = PBXBuildFile; fileRef = D1FC0DBF2177389000A058F1 /* .gitignore */; };
/* End PBXBuildFile section */

/* Begin PBXFileReference section */
		D1FC0D972177247400A058F1 /* Doughnate.app */ = {isa = PBXFileReference; explicitFileType = wrapper.application; includeInIndex = 0; path = Doughnate.app; sourceTree = BUILT_PRODUCTS_DIR; };
		D1FC0D9A2177247400A058F1 /* AppDelegate.swift */ = {isa = PBXFileReference; lastKnownFileType = sourcecode.swift; path = AppDelegate.swift; sourceTree = "<group>"; };
		D1FC0D9C2177247400A058F1 /* ProjectListViewController.swift */ = {isa = PBXFileReference; lastKnownFileType = sourcecode.swift; path = ProjectListViewController.swift; sourceTree = "<group>"; };
		D1FC0D9F2177247400A058F1 /* Base */ = {isa = PBXFileReference; lastKnownFileType = file.storyboard; name = Base; path = Base.lproj/Main.storyboard; sourceTree = "<group>"; };
		D1FC0DA12177247500A058F1 /* Assets.xcassets */ = {isa = PBXFileReference; lastKnownFileType = folder.assetcatalog; path = Assets.xcassets; sourceTree = "<group>"; };
		D1FC0DA42177247500A058F1 /* Base */ = {isa = PBXFileReference; lastKnownFileType = file.storyboard; name = Base; path = Base.lproj/LaunchScreen.storyboard; sourceTree = "<group>"; };
		D1FC0DA62177247500A058F1 /* Info.plist */ = {isa = PBXFileReference; lastKnownFileType = text.plist.xml; path = Info.plist; sourceTree = "<group>"; };
		D1FC0DAE21772AAA00A058F1 /* Project.swift */ = {isa = PBXFileReference; lastKnownFileType = sourcecode.swift; path = Project.swift; sourceTree = "<group>"; };
		D1FC0DB221772B1B00A058F1 /* ProjectTableViewCell.swift */ = {isa = PBXFileReference; lastKnownFileType = sourcecode.swift; path = ProjectTableViewCell.swift; sourceTree = "<group>"; };
		D1FC0DB521772B5200A058F1 /* UITableView.swift */ = {isa = PBXFileReference; lastKnownFileType = sourcecode.swift; path = UITableView.swift; sourceTree = "<group>"; };
		D1FC0DB721772B9100A058F1 /* UITableViewCell.swift */ = {isa = PBXFileReference; lastKnownFileType = sourcecode.swift; path = UITableViewCell.swift; sourceTree = "<group>"; };
		D1FC0DB921772CC700A058F1 /* Int.swift */ = {isa = PBXFileReference; lastKnownFileType = sourcecode.swift; path = Int.swift; sourceTree = "<group>"; };
		D1FC0DBB21772DC200A058F1 /* NumberFormatter.swift */ = {isa = PBXFileReference; lastKnownFileType = sourcecode.swift; path = NumberFormatter.swift; sourceTree = "<group>"; };
		D1FC0DBD2177303600A058F1 /* ProjectDetailsViewController.swift */ = {isa = PBXFileReference; lastKnownFileType = sourcecode.swift; path = ProjectDetailsViewController.swift; sourceTree = "<group>"; };
		D1FC0DBF2177389000A058F1 /* .gitignore */ = {isa = PBXFileReference; lastKnownFileType = text; path = .gitignore; sourceTree = "<group>"; };
/* End PBXFileReference section */

/* Begin PBXFrameworksBuildPhase section */
		D1FC0D942177247400A058F1 /* Frameworks */ = {
			isa = PBXFrameworksBuildPhase;
			buildActionMask = 2147483647;
			files = (
			);
			runOnlyForDeploymentPostprocessing = 0;
		};
/* End PBXFrameworksBuildPhase section */

/* Begin PBXGroup section */
		D1FC0D8E2177247400A058F1 = {
			isa = PBXGroup;
			children = (
				D1FC0DBF2177389000A058F1 /* .gitignore */,
				D1FC0D992177247400A058F1 /* Doughnate */,
				D1FC0D982177247400A058F1 /* Products */,
			);
			sourceTree = "<group>";
		};
		D1FC0D982177247400A058F1 /* Products */ = {
			isa = PBXGroup;
			children = (
				D1FC0D972177247400A058F1 /* Doughnate.app */,
			);
			name = Products;
			sourceTree = "<group>";
		};
		D1FC0D992177247400A058F1 /* Doughnate */ = {
			isa = PBXGroup;
			children = (
				D1FC0D9A2177247400A058F1 /* AppDelegate.swift */,
				D1FC0DAD21772A9E00A058F1 /* Models */,
				D1FC0DB421772B3E00A058F1 /* Extensions */,
				D1FC0DAC21772A9000A058F1 /* View controllers */,
				D1FC0DB021772AF800A058F1 /* Views */,
				D1FC0D9E2177247400A058F1 /* Main.storyboard */,
				D1FC0DA12177247500A058F1 /* Assets.xcassets */,
				D1FC0DA32177247500A058F1 /* LaunchScreen.storyboard */,
				D1FC0DA62177247500A058F1 /* Info.plist */,
			);
			path = Doughnate;
			sourceTree = "<group>";
		};
		D1FC0DAC21772A9000A058F1 /* View controllers */ = {
			isa = PBXGroup;
			children = (
				D1FC0D9C2177247400A058F1 /* ProjectListViewController.swift */,
				D1FC0DBD2177303600A058F1 /* ProjectDetailsViewController.swift */,
			);
			path = "View controllers";
			sourceTree = "<group>";
		};
		D1FC0DAD21772A9E00A058F1 /* Models */ = {
			isa = PBXGroup;
			children = (
				D1FC0DAE21772AAA00A058F1 /* Project.swift */,
			);
			path = Models;
			sourceTree = "<group>";
		};
		D1FC0DB021772AF800A058F1 /* Views */ = {
			isa = PBXGroup;
			children = (
				D1FC0DB121772B0700A058F1 /* Cells */,
			);
			path = Views;
			sourceTree = "<group>";
		};
		D1FC0DB121772B0700A058F1 /* Cells */ = {
			isa = PBXGroup;
			children = (
				D1FC0DB221772B1B00A058F1 /* ProjectTableViewCell.swift */,
			);
			path = Cells;
			sourceTree = "<group>";
		};
		D1FC0DB421772B3E00A058F1 /* Extensions */ = {
			isa = PBXGroup;
			children = (
				D1FC0DB921772CC700A058F1 /* Int.swift */,
				D1FC0DB521772B5200A058F1 /* UITableView.swift */,
				D1FC0DB721772B9100A058F1 /* UITableViewCell.swift */,
				D1FC0DBB21772DC200A058F1 /* NumberFormatter.swift */,
			);
			path = Extensions;
			sourceTree = "<group>";
		};
/* End PBXGroup section */

/* Begin PBXNativeTarget section */
		D1FC0D962177247400A058F1 /* Doughnate */ = {
			isa = PBXNativeTarget;
			buildConfigurationList = D1FC0DA92177247500A058F1 /* Build configuration list for PBXNativeTarget "Doughnate" */;
			buildPhases = (
				D1FC0D932177247400A058F1 /* Sources */,
				D1FC0D942177247400A058F1 /* Frameworks */,
				D1FC0D952177247400A058F1 /* Resources */,
			);
			buildRules = (
			);
			dependencies = (
			);
			name = Doughnate;
			productName = Doughnate;
			productReference = D1FC0D972177247400A058F1 /* Doughnate.app */;
			productType = "com.apple.product-type.application";
		};
/* End PBXNativeTarget section */

/* Begin PBXProject section */
		D1FC0D8F2177247400A058F1 /* Project object */ = {
			isa = PBXProject;
			attributes = {
				LastSwiftUpdateCheck = 1000;
				LastUpgradeCheck = 1000;
				ORGANIZATIONNAME = "Евгений Соболь";
				TargetAttributes = {
					D1FC0D962177247400A058F1 = {
						CreatedOnToolsVersion = 10.0;
					};
				};
			};
			buildConfigurationList = D1FC0D922177247400A058F1 /* Build configuration list for PBXProject "Doughnate" */;
			compatibilityVersion = "Xcode 9.3";
			developmentRegion = en;
			hasScannedForEncodings = 0;
			knownRegions = (
				en,
				Base,
			);
			mainGroup = D1FC0D8E2177247400A058F1;
			productRefGroup = D1FC0D982177247400A058F1 /* Products */;
			projectDirPath = "";
			projectRoot = "";
			targets = (
				D1FC0D962177247400A058F1 /* Doughnate */,
			);
		};
/* End PBXProject section */

/* Begin PBXResourcesBuildPhase section */
		D1FC0D952177247400A058F1 /* Resources */ = {
			isa = PBXResourcesBuildPhase;
			buildActionMask = 2147483647;
			files = (
				D1FC0DC02177389000A058F1 /* .gitignore in Resources */,
				D1FC0DA52177247500A058F1 /* LaunchScreen.storyboard in Resources */,
				D1FC0DA22177247500A058F1 /* Assets.xcassets in Resources */,
				D1FC0DA02177247400A058F1 /* Main.storyboard in Resources */,
			);
			runOnlyForDeploymentPostprocessing = 0;
		};
/* End PBXResourcesBuildPhase section */

/* Begin PBXSourcesBuildPhase section */
		D1FC0D932177247400A058F1 /* Sources */ = {
			isa = PBXSourcesBuildPhase;
			buildActionMask = 2147483647;
			files = (
				D1FC0D9D2177247400A058F1 /* ProjectListViewController.swift in Sources */,
				D1FC0D9B2177247400A058F1 /* AppDelegate.swift in Sources */,
				D1FC0DB621772B5200A058F1 /* UITableView.swift in Sources */,
				D1FC0DBA21772CC700A058F1 /* Int.swift in Sources */,
				D1FC0DB821772B9100A058F1 /* UITableViewCell.swift in Sources */,
				D1FC0DBC21772DC200A058F1 /* NumberFormatter.swift in Sources */,
				D1FC0DBE2177303600A058F1 /* ProjectDetailsViewController.swift in Sources */,
				D1FC0DAF21772AAA00A058F1 /* Project.swift in Sources */,
				D1FC0DB321772B1B00A058F1 /* ProjectTableViewCell.swift in Sources */,
			);
			runOnlyForDeploymentPostprocessing = 0;
		};
/* End PBXSourcesBuildPhase section */

/* Begin PBXVariantGroup section */
		D1FC0D9E2177247400A058F1 /* Main.storyboard */ = {
			isa = PBXVariantGroup;
			children = (
				D1FC0D9F2177247400A058F1 /* Base */,
			);
			name = Main.storyboard;
			sourceTree = "<group>";
		};
		D1FC0DA32177247500A058F1 /* LaunchScreen.storyboard */ = {
			isa = PBXVariantGroup;
			children = (
				D1FC0DA42177247500A058F1 /* Base */,
			);
			name = LaunchScreen.storyboard;
			sourceTree = "<group>";
		};
/* End PBXVariantGroup section */

/* Begin XCBuildConfiguration section */
		D1FC0DA72177247500A058F1 /* Debug */ = {
			isa = XCBuildConfiguration;
			buildSettings = {
				ALWAYS_SEARCH_USER_PATHS = NO;
				CLANG_ANALYZER_NONNULL = YES;
				CLANG_ANALYZER_NUMBER_OBJECT_CONVERSION = YES_AGGRESSIVE;
				CLANG_CXX_LANGUAGE_STANDARD = "gnu++14";
				CLANG_CXX_LIBRARY = "libc++";
				CLANG_ENABLE_MODULES = YES;
				CLANG_ENABLE_OBJC_ARC = YES;
				CLANG_ENABLE_OBJC_WEAK = YES;
				CLANG_WARN_BLOCK_CAPTURE_AUTORELEASING = YES;
				CLANG_WARN_BOOL_CONVERSION = YES;
				CLANG_WARN_COMMA = YES;
				CLANG_WARN_CONSTANT_CONVERSION = YES;
				CLANG_WARN_DEPRECATED_OBJC_IMPLEMENTATIONS = YES;
				CLANG_WARN_DIRECT_OBJC_ISA_USAGE = YES_ERROR;
				CLANG_WARN_DOCUMENTATION_COMMENTS = YES;
				CLANG_WARN_EMPTY_BODY = YES;
				CLANG_WARN_ENUM_CONVERSION = YES;
				CLANG_WARN_INFINITE_RECURSION = YES;
				CLANG_WARN_INT_CONVERSION = YES;
				CLANG_WARN_NON_LITERAL_NULL_CONVERSION = YES;
				CLANG_WARN_OBJC_IMPLICIT_RETAIN_SELF = YES;
				CLANG_WARN_OBJC_LITERAL_CONVERSION = YES;
				CLANG_WARN_OBJC_ROOT_CLASS = YES_ERROR;
				CLANG_WARN_RANGE_LOOP_ANALYSIS = YES;
				CLANG_WARN_STRICT_PROTOTYPES = YES;
				CLANG_WARN_SUSPICIOUS_MOVE = YES;
				CLANG_WARN_UNGUARDED_AVAILABILITY = YES_AGGRESSIVE;
				CLANG_WARN_UNREACHABLE_CODE = YES;
				CLANG_WARN__DUPLICATE_METHOD_MATCH = YES;
				CODE_SIGN_IDENTITY = "iPhone Developer";
				COPY_PHASE_STRIP = NO;
				DEBUG_INFORMATION_FORMAT = dwarf;
				ENABLE_STRICT_OBJC_MSGSEND = YES;
				ENABLE_TESTABILITY = YES;
				GCC_C_LANGUAGE_STANDARD = gnu11;
				GCC_DYNAMIC_NO_PIC = NO;
				GCC_NO_COMMON_BLOCKS = YES;
				GCC_OPTIMIZATION_LEVEL = 0;
				GCC_PREPROCESSOR_DEFINITIONS = (
					"DEBUG=1",
					"$(inherited)",
				);
				GCC_WARN_64_TO_32_BIT_CONVERSION = YES;
				GCC_WARN_ABOUT_RETURN_TYPE = YES_ERROR;
				GCC_WARN_UNDECLARED_SELECTOR = YES;
				GCC_WARN_UNINITIALIZED_AUTOS = YES_AGGRESSIVE;
				GCC_WARN_UNUSED_FUNCTION = YES;
				GCC_WARN_UNUSED_VARIABLE = YES;
				IPHONEOS_DEPLOYMENT_TARGET = 12.0;
				MTL_ENABLE_DEBUG_INFO = INCLUDE_SOURCE;
				MTL_FAST_MATH = YES;
				ONLY_ACTIVE_ARCH = YES;
				SDKROOT = iphoneos;
				SWIFT_ACTIVE_COMPILATION_CONDITIONS = DEBUG;
				SWIFT_OPTIMIZATION_LEVEL = "-Onone";
			};
			name = Debug;
		};
		D1FC0DA82177247500A058F1 /* Release */ = {
			isa = XCBuildConfiguration;
			buildSettings = {
				ALWAYS_SEARCH_USER_PATHS = NO;
				CLANG_ANALYZER_NONNULL = YES;
				CLANG_ANALYZER_NUMBER_OBJECT_CONVERSION = YES_AGGRESSIVE;
				CLANG_CXX_LANGUAGE_STANDARD = "gnu++14";
				CLANG_CXX_LIBRARY = "libc++";
				CLANG_ENABLE_MODULES = YES;
				CLANG_ENABLE_OBJC_ARC = YES;
				CLANG_ENABLE_OBJC_WEAK = YES;
				CLANG_WARN_BLOCK_CAPTURE_AUTORELEASING = YES;
				CLANG_WARN_BOOL_CONVERSION = YES;
				CLANG_WARN_COMMA = YES;
				CLANG_WARN_CONSTANT_CONVERSION = YES;
				CLANG_WARN_DEPRECATED_OBJC_IMPLEMENTATIONS = YES;
				CLANG_WARN_DIRECT_OBJC_ISA_USAGE = YES_ERROR;
				CLANG_WARN_DOCUMENTATION_COMMENTS = YES;
				CLANG_WARN_EMPTY_BODY = YES;
				CLANG_WARN_ENUM_CONVERSION = YES;
				CLANG_WARN_INFINITE_RECURSION = YES;
				CLANG_WARN_INT_CONVERSION = YES;
				CLANG_WARN_NON_LITERAL_NULL_CONVERSION = YES;
				CLANG_WARN_OBJC_IMPLICIT_RETAIN_SELF = YES;
				CLANG_WARN_OBJC_LITERAL_CONVERSION = YES;
				CLANG_WARN_OBJC_ROOT_CLASS = YES_ERROR;
				CLANG_WARN_RANGE_LOOP_ANALYSIS = YES;
				CLANG_WARN_STRICT_PROTOTYPES = YES;
				CLANG_WARN_SUSPICIOUS_MOVE = YES;
				CLANG_WARN_UNGUARDED_AVAILABILITY = YES_AGGRESSIVE;
				CLANG_WARN_UNREACHABLE_CODE = YES;
				CLANG_WARN__DUPLICATE_METHOD_MATCH = YES;
				CODE_SIGN_IDENTITY = "iPhone Developer";
				COPY_PHASE_STRIP = NO;
				DEBUG_INFORMATION_FORMAT = "dwarf-with-dsym";
				ENABLE_NS_ASSERTIONS = NO;
				ENABLE_STRICT_OBJC_MSGSEND = YES;
				GCC_C_LANGUAGE_STANDARD = gnu11;
				GCC_NO_COMMON_BLOCKS = YES;
				GCC_WARN_64_TO_32_BIT_CONVERSION = YES;
				GCC_WARN_ABOUT_RETURN_TYPE = YES_ERROR;
				GCC_WARN_UNDECLARED_SELECTOR = YES;
				GCC_WARN_UNINITIALIZED_AUTOS = YES_AGGRESSIVE;
				GCC_WARN_UNUSED_FUNCTION = YES;
				GCC_WARN_UNUSED_VARIABLE = YES;
				IPHONEOS_DEPLOYMENT_TARGET = 12.0;
				MTL_ENABLE_DEBUG_INFO = NO;
				MTL_FAST_MATH = YES;
				SDKROOT = iphoneos;
				SWIFT_COMPILATION_MODE = wholemodule;
				SWIFT_OPTIMIZATION_LEVEL = "-O";
				VALIDATE_PRODUCT = YES;
			};
			name = Release;
		};
		D1FC0DAA2177247500A058F1 /* Debug */ = {
			isa = XCBuildConfiguration;
			buildSettings = {
				ASSETCATALOG_COMPILER_APPICON_NAME = AppIcon;
				CODE_SIGN_STYLE = Automatic;
				DEVELOPMENT_TEAM = 59BWRK25DR;
				INFOPLIST_FILE = Doughnate/Info.plist;
				LD_RUNPATH_SEARCH_PATHS = (
					"$(inherited)",
					"@executable_path/Frameworks",
				);
				PRODUCT_BUNDLE_IDENTIFIER = com.esobol.Doughnate;
				PRODUCT_NAME = "$(TARGET_NAME)";
				SWIFT_VERSION = 4.2;
				TARGETED_DEVICE_FAMILY = "1,2";
			};
			name = Debug;
		};
		D1FC0DAB2177247500A058F1 /* Release */ = {
			isa = XCBuildConfiguration;
			buildSettings = {
				ASSETCATALOG_COMPILER_APPICON_NAME = AppIcon;
				CODE_SIGN_STYLE = Automatic;
				DEVELOPMENT_TEAM = 59BWRK25DR;
				INFOPLIST_FILE = Doughnate/Info.plist;
				LD_RUNPATH_SEARCH_PATHS = (
					"$(inherited)",
					"@executable_path/Frameworks",
				);
				PRODUCT_BUNDLE_IDENTIFIER = com.esobol.Doughnate;
				PRODUCT_NAME = "$(TARGET_NAME)";
				SWIFT_VERSION = 4.2;
				TARGETED_DEVICE_FAMILY = "1,2";
			};
			name = Release;
		};
/* End XCBuildConfiguration section */

/* Begin XCConfigurationList section */
		D1FC0D922177247400A058F1 /* Build configuration list for PBXProject "Doughnate" */ = {
			isa = XCConfigurationList;
			buildConfigurations = (
				D1FC0DA72177247500A058F1 /* Debug */,
				D1FC0DA82177247500A058F1 /* Release */,
			);
			defaultConfigurationIsVisible = 0;
			defaultConfigurationName = Release;
		};
		D1FC0DA92177247500A058F1 /* Build configuration list for PBXNativeTarget "Doughnate" */ = {
			isa = XCConfigurationList;
			buildConfigurations = (
				D1FC0DAA2177247500A058F1 /* Debug */,
				D1FC0DAB2177247500A058F1 /* Release */,
			);
			defaultConfigurationIsVisible = 0;
			defaultConfigurationName = Release;
		};
/* End XCConfigurationList section */
	};
	rootObject = D1FC0D8F2177247400A058F1 /* Project object */;
}
