// !$*UTF8*$!
{
	archiveVersion = 1;
	classes = {
	};
	objectVersion = 50;
	objects = {

/* Begin PBXBuildFile section */
		72323687D01ACA7B0E7C9834 /* Pods_Doughnate.framework in Frameworks */ = {isa = PBXBuildFile; fileRef = 96AB9934A9BF019EC2CEB8F7 /* Pods_Doughnate.framework */; };
		D11B259721A2C52D00ADC7F9 /* LoginViewController.swift in Sources */ = {isa = PBXBuildFile; fileRef = D11B259621A2C52D00ADC7F9 /* LoginViewController.swift */; };
		D11B259921A2C66600ADC7F9 /* SignUpViewController.swift in Sources */ = {isa = PBXBuildFile; fileRef = D11B259821A2C66600ADC7F9 /* SignUpViewController.swift */; };
		D11B259C21A2C87A00ADC7F9 /* UserManager.swift in Sources */ = {isa = PBXBuildFile; fileRef = D11B259B21A2C87A00ADC7F9 /* UserManager.swift */; };
		D11B259E21A2CD8200ADC7F9 /* KeychainManager.swift in Sources */ = {isa = PBXBuildFile; fileRef = D11B259D21A2CD8200ADC7F9 /* KeychainManager.swift */; };
		D11B25A021A2DC4F00ADC7F9 /* Token.swift in Sources */ = {isa = PBXBuildFile; fileRef = D11B259F21A2DC4F00ADC7F9 /* Token.swift */; };
		D11B25A221A2DE4400ADC7F9 /* TabBarController.swift in Sources */ = {isa = PBXBuildFile; fileRef = D11B25A121A2DE4400ADC7F9 /* TabBarController.swift */; };
		D11B25A421A2DF6B00ADC7F9 /* ProfileTableViewController.swift in Sources */ = {isa = PBXBuildFile; fileRef = D11B25A321A2DF6B00ADC7F9 /* ProfileTableViewController.swift */; };
		D11B25A621A2E30100ADC7F9 /* AccountSettingsTableViewController.swift in Sources */ = {isa = PBXBuildFile; fileRef = D11B25A521A2E30100ADC7F9 /* AccountSettingsTableViewController.swift */; };
		D11B25A821A2E33C00ADC7F9 /* User.swift in Sources */ = {isa = PBXBuildFile; fileRef = D11B25A721A2E33C00ADC7F9 /* User.swift */; };
		D1AB923F21B0678C00D95752 /* CreditCardsViewController.swift in Sources */ = {isa = PBXBuildFile; fileRef = D1AB923E21B0678C00D95752 /* CreditCardsViewController.swift */; };
		D1AB924121B069F400D95752 /* CreditCard.swift in Sources */ = {isa = PBXBuildFile; fileRef = D1AB924021B069F400D95752 /* CreditCard.swift */; };
		D1AB924321B06C6F00D95752 /* CreditCardTableViewCell.swift in Sources */ = {isa = PBXBuildFile; fileRef = D1AB924221B06C6F00D95752 /* CreditCardTableViewCell.swift */; };
		D1AB924521B075FD00D95752 /* SMSSetupViewController.swift in Sources */ = {isa = PBXBuildFile; fileRef = D1AB924421B075FD00D95752 /* SMSSetupViewController.swift */; };
		D1ADA85A21ABF896006B2CCD /* NetworkManager.swift in Sources */ = {isa = PBXBuildFile; fileRef = D1ADA85921ABF896006B2CCD /* NetworkManager.swift */; };
		D1ADA85C21ABF909006B2CCD /* NetworkError.swift in Sources */ = {isa = PBXBuildFile; fileRef = D1ADA85B21ABF909006B2CCD /* NetworkError.swift */; };
		D1ADA85E21ABF92C006B2CCD /* Response.swift in Sources */ = {isa = PBXBuildFile; fileRef = D1ADA85D21ABF92C006B2CCD /* Response.swift */; };
		D1ADA86021ABF946006B2CCD /* ApiManager.swift in Sources */ = {isa = PBXBuildFile; fileRef = D1ADA85F21ABF946006B2CCD /* ApiManager.swift */; };
		D1ADA86221ABF997006B2CCD /* URLRequest.swift in Sources */ = {isa = PBXBuildFile; fileRef = D1ADA86121ABF997006B2CCD /* URLRequest.swift */; };
		D1ADA86421ABF9BF006B2CCD /* Constants.swift in Sources */ = {isa = PBXBuildFile; fileRef = D1ADA86321ABF9BF006B2CCD /* Constants.swift */; };
		D1ADA86721ABFA7F006B2CCD /* Requests.swift in Sources */ = {isa = PBXBuildFile; fileRef = D1ADA86621ABFA7F006B2CCD /* Requests.swift */; };
		D1ADA86B21ABFF35006B2CCD /* UIViewController.swift in Sources */ = {isa = PBXBuildFile; fileRef = D1ADA86A21ABFF35006B2CCD /* UIViewController.swift */; };
		D1ADA86D21AC0BBA006B2CCD /* PhoneVerificationViewController.swift in Sources */ = {isa = PBXBuildFile; fileRef = D1ADA86C21AC0BBA006B2CCD /* PhoneVerificationViewController.swift */; };
		D1DE4F2021B120EE00295C54 /* ForgotPasswordViewController.swift in Sources */ = {isa = PBXBuildFile; fileRef = D1DE4F1F21B120EE00295C54 /* ForgotPasswordViewController.swift */; };
		D1DE4F2221B1247E00295C54 /* ChangePasswordViewController.swift in Sources */ = {isa = PBXBuildFile; fileRef = D1DE4F2121B1247E00295C54 /* ChangePasswordViewController.swift */; };
		D1FC0D9B2177247400A058F1 /* AppDelegate.swift in Sources */ = {isa = PBXBuildFile; fileRef = D1FC0D9A2177247400A058F1 /* AppDelegate.swift */; };
		D1FC0D9D2177247400A058F1 /* ProjectListViewController.swift in Sources */ = {isa = PBXBuildFile; fileRef = D1FC0D9C2177247400A058F1 /* ProjectListViewController.swift */; };
		D1FC0DA02177247400A058F1 /* Main.storyboard in Resources */ = {isa = PBXBuildFile; fileRef = D1FC0D9E2177247400A058F1 /* Main.storyboard */; };
		D1FC0DA22177247500A058F1 /* Assets.xcassets in Resources */ = {isa = PBXBuildFile; fileRef = D1FC0DA12177247500A058F1 /* Assets.xcassets */; };
		D1FC0DA52177247500A058F1 /* LaunchScreen.storyboard in Resources */ = {isa = PBXBuildFile; fileRef = D1FC0DA32177247500A058F1 /* LaunchScreen.storyboard */; };
		D1FC0DAF21772AAA00A058F1 /* Project.swift in Sources */ = {isa = PBXBuildFile; fileRef = D1FC0DAE21772AAA00A058F1 /* Project.swift */; };
		D1FC0DB321772B1B00A058F1 /* ProjectTableViewCell.swift in Sources */ = {isa = PBXBuildFile; fileRef = D1FC0DB221772B1B00A058F1 /* ProjectTableViewCell.swift */; };
		D1FC0DB621772B5200A058F1 /* UITableView.swift in Sources */ = {isa = PBXBuildFile; fileRef = D1FC0DB521772B5200A058F1 /* UITableView.swift */; };
		D1FC0DB821772B9100A058F1 /* UITableViewCell.swift in Sources */ = {isa = PBXBuildFile; fileRef = D1FC0DB721772B9100A058F1 /* UITableViewCell.swift */; };
		D1FC0DBA21772CC700A058F1 /* Int.swift in Sources */ = {isa = PBXBuildFile; fileRef = D1FC0DB921772CC700A058F1 /* Int.swift */; };
		D1FC0DBC21772DC200A058F1 /* NumberFormatter.swift in Sources */ = {isa = PBXBuildFile; fileRef = D1FC0DBB21772DC200A058F1 /* NumberFormatter.swift */; };
		D1FC0DBE2177303600A058F1 /* ProjectDetailsViewController.swift in Sources */ = {isa = PBXBuildFile; fileRef = D1FC0DBD2177303600A058F1 /* ProjectDetailsViewController.swift */; };
		D1FC0DC02177389000A058F1 /* .gitignore in Resources */ = {isa = PBXBuildFile; fileRef = D1FC0DBF2177389000A058F1 /* .gitignore */; };
		D1FC0DC2217739F500A058F1 /* FiltersViewController.swift in Sources */ = {isa = PBXBuildFile; fileRef = D1FC0DC1217739F500A058F1 /* FiltersViewController.swift */; };
		D1FC0DC421775D0500A058F1 /* FilterTableViewCell.swift in Sources */ = {isa = PBXBuildFile; fileRef = D1FC0DC321775D0500A058F1 /* FilterTableViewCell.swift */; };
		D1FC0DC621775F6700A058F1 /* Filter.swift in Sources */ = {isa = PBXBuildFile; fileRef = D1FC0DC521775F6700A058F1 /* Filter.swift */; };
		D1FC0DC92177722300A058F1 /* ReplaceLastSegue.swift in Sources */ = {isa = PBXBuildFile; fileRef = D1FC0DC82177722300A058F1 /* ReplaceLastSegue.swift */; };
/* End PBXBuildFile section */

/* Begin PBXFileReference section */
		4B63174CF22EEF1D6072D336 /* Pods-Doughnate.release.xcconfig */ = {isa = PBXFileReference; includeInIndex = 1; lastKnownFileType = text.xcconfig; name = "Pods-Doughnate.release.xcconfig"; path = "Pods/Target Support Files/Pods-Doughnate/Pods-Doughnate.release.xcconfig"; sourceTree = "<group>"; };
		645CE2C1FA4618ED2CDA2A49 /* Pods-Doughnate.debug.xcconfig */ = {isa = PBXFileReference; includeInIndex = 1; lastKnownFileType = text.xcconfig; name = "Pods-Doughnate.debug.xcconfig"; path = "Pods/Target Support Files/Pods-Doughnate/Pods-Doughnate.debug.xcconfig"; sourceTree = "<group>"; };
		96AB9934A9BF019EC2CEB8F7 /* Pods_Doughnate.framework */ = {isa = PBXFileReference; explicitFileType = wrapper.framework; includeInIndex = 0; path = Pods_Doughnate.framework; sourceTree = BUILT_PRODUCTS_DIR; };
		D11B259621A2C52D00ADC7F9 /* LoginViewController.swift */ = {isa = PBXFileReference; lastKnownFileType = sourcecode.swift; path = LoginViewController.swift; sourceTree = "<group>"; };
		D11B259821A2C66600ADC7F9 /* SignUpViewController.swift */ = {isa = PBXFileReference; lastKnownFileType = sourcecode.swift; path = SignUpViewController.swift; sourceTree = "<group>"; };
		D11B259B21A2C87A00ADC7F9 /* UserManager.swift */ = {isa = PBXFileReference; lastKnownFileType = sourcecode.swift; path = UserManager.swift; sourceTree = "<group>"; };
		D11B259D21A2CD8200ADC7F9 /* KeychainManager.swift */ = {isa = PBXFileReference; lastKnownFileType = sourcecode.swift; path = KeychainManager.swift; sourceTree = "<group>"; };
		D11B259F21A2DC4F00ADC7F9 /* Token.swift */ = {isa = PBXFileReference; lastKnownFileType = sourcecode.swift; path = Token.swift; sourceTree = "<group>"; };
		D11B25A121A2DE4400ADC7F9 /* TabBarController.swift */ = {isa = PBXFileReference; lastKnownFileType = sourcecode.swift; path = TabBarController.swift; sourceTree = "<group>"; };
		D11B25A321A2DF6B00ADC7F9 /* ProfileTableViewController.swift */ = {isa = PBXFileReference; lastKnownFileType = sourcecode.swift; path = ProfileTableViewController.swift; sourceTree = "<group>"; };
		D11B25A521A2E30100ADC7F9 /* AccountSettingsTableViewController.swift */ = {isa = PBXFileReference; lastKnownFileType = sourcecode.swift; path = AccountSettingsTableViewController.swift; sourceTree = "<group>"; };
		D11B25A721A2E33C00ADC7F9 /* User.swift */ = {isa = PBXFileReference; lastKnownFileType = sourcecode.swift; path = User.swift; sourceTree = "<group>"; };
		D1AB923E21B0678C00D95752 /* CreditCardsViewController.swift */ = {isa = PBXFileReference; lastKnownFileType = sourcecode.swift; path = CreditCardsViewController.swift; sourceTree = "<group>"; };
		D1AB924021B069F400D95752 /* CreditCard.swift */ = {isa = PBXFileReference; lastKnownFileType = sourcecode.swift; path = CreditCard.swift; sourceTree = "<group>"; };
		D1AB924221B06C6F00D95752 /* CreditCardTableViewCell.swift */ = {isa = PBXFileReference; lastKnownFileType = sourcecode.swift; path = CreditCardTableViewCell.swift; sourceTree = "<group>"; };
		D1AB924421B075FD00D95752 /* SMSSetupViewController.swift */ = {isa = PBXFileReference; lastKnownFileType = sourcecode.swift; path = SMSSetupViewController.swift; sourceTree = "<group>"; };
		D1ADA85921ABF896006B2CCD /* NetworkManager.swift */ = {isa = PBXFileReference; lastKnownFileType = sourcecode.swift; path = NetworkManager.swift; sourceTree = "<group>"; };
		D1ADA85B21ABF909006B2CCD /* NetworkError.swift */ = {isa = PBXFileReference; lastKnownFileType = sourcecode.swift; path = NetworkError.swift; sourceTree = "<group>"; };
		D1ADA85D21ABF92C006B2CCD /* Response.swift */ = {isa = PBXFileReference; lastKnownFileType = sourcecode.swift; path = Response.swift; sourceTree = "<group>"; };
		D1ADA85F21ABF946006B2CCD /* ApiManager.swift */ = {isa = PBXFileReference; lastKnownFileType = sourcecode.swift; path = ApiManager.swift; sourceTree = "<group>"; };
		D1ADA86121ABF997006B2CCD /* URLRequest.swift */ = {isa = PBXFileReference; lastKnownFileType = sourcecode.swift; path = URLRequest.swift; sourceTree = "<group>"; };
		D1ADA86321ABF9BF006B2CCD /* Constants.swift */ = {isa = PBXFileReference; lastKnownFileType = sourcecode.swift; path = Constants.swift; sourceTree = "<group>"; };
		D1ADA86621ABFA7F006B2CCD /* Requests.swift */ = {isa = PBXFileReference; lastKnownFileType = sourcecode.swift; path = Requests.swift; sourceTree = "<group>"; };
		D1ADA86A21ABFF35006B2CCD /* UIViewController.swift */ = {isa = PBXFileReference; lastKnownFileType = sourcecode.swift; path = UIViewController.swift; sourceTree = "<group>"; };
		D1ADA86C21AC0BBA006B2CCD /* PhoneVerificationViewController.swift */ = {isa = PBXFileReference; lastKnownFileType = sourcecode.swift; path = PhoneVerificationViewController.swift; sourceTree = "<group>"; };
		D1DE4F1F21B120EE00295C54 /* ForgotPasswordViewController.swift */ = {isa = PBXFileReference; lastKnownFileType = sourcecode.swift; path = ForgotPasswordViewController.swift; sourceTree = "<group>"; };
		D1DE4F2121B1247E00295C54 /* ChangePasswordViewController.swift */ = {isa = PBXFileReference; lastKnownFileType = sourcecode.swift; path = ChangePasswordViewController.swift; sourceTree = "<group>"; };
		D1FC0D972177247400A058F1 /* Doughnate.app */ = {isa = PBXFileReference; explicitFileType = wrapper.application; includeInIndex = 0; path = Doughnate.app; sourceTree = BUILT_PRODUCTS_DIR; };
		D1FC0D9A2177247400A058F1 /* AppDelegate.swift */ = {isa = PBXFileReference; lastKnownFileType = sourcecode.swift; path = AppDelegate.swift; sourceTree = "<group>"; };
		D1FC0D9C2177247400A058F1 /* ProjectListViewController.swift */ = {isa = PBXFileReference; lastKnownFileType = sourcecode.swift; path = ProjectListViewController.swift; sourceTree = "<group>"; };
		D1FC0D9F2177247400A058F1 /* Base */ = {isa = PBXFileReference; lastKnownFileType = file.storyboard; name = Base; path = Base.lproj/Main.storyboard; sourceTree = "<group>"; };
		D1FC0DA12177247500A058F1 /* Assets.xcassets */ = {isa = PBXFileReference; lastKnownFileType = folder.assetcatalog; path = Assets.xcassets; sourceTree = "<group>"; };
		D1FC0DA42177247500A058F1 /* Base */ = {isa = PBXFileReference; lastKnownFileType = file.storyboard; name = Base; path = Base.lproj/LaunchScreen.storyboard; sourceTree = "<group>"; };
		D1FC0DA62177247500A058F1 /* Info.plist */ = {isa = PBXFileReference; lastKnownFileType = text.plist.xml; path = Info.plist; sourceTree = "<group>"; };
		D1FC0DAE21772AAA00A058F1 /* Project.swift */ = {isa = PBXFileReference; lastKnownFileType = sourcecode.swift; path = Project.swift; sourceTree = "<group>"; };
		D1FC0DB221772B1B00A058F1 /* ProjectTableViewCell.swift */ = {isa = PBXFileReference; lastKnownFileType = sourcecode.swift; path = ProjectTableViewCell.swift; sourceTree = "<group>"; };
		D1FC0DB521772B5200A058F1 /* UITableView.swift */ = {isa = PBXFileReference; lastKnownFileType = sourcecode.swift; path = UITableView.swift; sourceTree = "<group>"; };
		D1FC0DB721772B9100A058F1 /* UITableViewCell.swift */ = {isa = PBXFileReference; lastKnownFileType = sourcecode.swift; path = UITableViewCell.swift; sourceTree = "<group>"; };
		D1FC0DB921772CC700A058F1 /* Int.swift */ = {isa = PBXFileReference; lastKnownFileType = sourcecode.swift; path = Int.swift; sourceTree = "<group>"; };
		D1FC0DBB21772DC200A058F1 /* NumberFormatter.swift */ = {isa = PBXFileReference; lastKnownFileType = sourcecode.swift; path = NumberFormatter.swift; sourceTree = "<group>"; };
		D1FC0DBD2177303600A058F1 /* ProjectDetailsViewController.swift */ = {isa = PBXFileReference; lastKnownFileType = sourcecode.swift; path = ProjectDetailsViewController.swift; sourceTree = "<group>"; };
		D1FC0DBF2177389000A058F1 /* .gitignore */ = {isa = PBXFileReference; lastKnownFileType = text; path = .gitignore; sourceTree = "<group>"; };
		D1FC0DC1217739F500A058F1 /* FiltersViewController.swift */ = {isa = PBXFileReference; lastKnownFileType = sourcecode.swift; path = FiltersViewController.swift; sourceTree = "<group>"; };
		D1FC0DC321775D0500A058F1 /* FilterTableViewCell.swift */ = {isa = PBXFileReference; lastKnownFileType = sourcecode.swift; path = FilterTableViewCell.swift; sourceTree = "<group>"; };
		D1FC0DC521775F6700A058F1 /* Filter.swift */ = {isa = PBXFileReference; lastKnownFileType = sourcecode.swift; path = Filter.swift; sourceTree = "<group>"; };
		D1FC0DC82177722300A058F1 /* ReplaceLastSegue.swift */ = {isa = PBXFileReference; lastKnownFileType = sourcecode.swift; path = ReplaceLastSegue.swift; sourceTree = "<group>"; };
/* End PBXFileReference section */

/* Begin PBXFrameworksBuildPhase section */
		D1FC0D942177247400A058F1 /* Frameworks */ = {
			isa = PBXFrameworksBuildPhase;
			buildActionMask = 2147483647;
			files = (
				72323687D01ACA7B0E7C9834 /* Pods_Doughnate.framework in Frameworks */,
			);
			runOnlyForDeploymentPostprocessing = 0;
		};
/* End PBXFrameworksBuildPhase section */

/* Begin PBXGroup section */
		03F6C4D180ABCFF0AB4A5B86 /* Pods */ = {
			isa = PBXGroup;
			children = (
				645CE2C1FA4618ED2CDA2A49 /* Pods-Doughnate.debug.xcconfig */,
				4B63174CF22EEF1D6072D336 /* Pods-Doughnate.release.xcconfig */,
			);
			name = Pods;
			sourceTree = "<group>";
		};
		B2939C02018484C346121D9E /* Frameworks */ = {
			isa = PBXGroup;
			children = (
				96AB9934A9BF019EC2CEB8F7 /* Pods_Doughnate.framework */,
			);
			name = Frameworks;
			sourceTree = "<group>";
		};
		D11B259A21A2C86A00ADC7F9 /* Managers */ = {
			isa = PBXGroup;
			children = (
				D11B259B21A2C87A00ADC7F9 /* UserManager.swift */,
				D11B259D21A2CD8200ADC7F9 /* KeychainManager.swift */,
			);
			path = Managers;
			sourceTree = "<group>";
		};
		D1ADA86521ABFA6B006B2CCD /* Networking */ = {
			isa = PBXGroup;
			children = (
				D1ADA85921ABF896006B2CCD /* NetworkManager.swift */,
				D1ADA85F21ABF946006B2CCD /* ApiManager.swift */,
				D1ADA86621ABFA7F006B2CCD /* Requests.swift */,
			);
			path = Networking;
			sourceTree = "<group>";
		};
		D1FC0D8E2177247400A058F1 = {
			isa = PBXGroup;
			children = (
				D1FC0DBF2177389000A058F1 /* .gitignore */,
				D1FC0D992177247400A058F1 /* Doughnate */,
				D1FC0D982177247400A058F1 /* Products */,
				03F6C4D180ABCFF0AB4A5B86 /* Pods */,
				B2939C02018484C346121D9E /* Frameworks */,
			);
			sourceTree = "<group>";
		};
		D1FC0D982177247400A058F1 /* Products */ = {
			isa = PBXGroup;
			children = (
				D1FC0D972177247400A058F1 /* Doughnate.app */,
			);
			name = Products;
			sourceTree = "<group>";
		};
		D1FC0D992177247400A058F1 /* Doughnate */ = {
			isa = PBXGroup;
			children = (
				D1FC0D9A2177247400A058F1 /* AppDelegate.swift */,
				D1ADA86321ABF9BF006B2CCD /* Constants.swift */,
				D1ADA86521ABFA6B006B2CCD /* Networking */,
				D11B259A21A2C86A00ADC7F9 /* Managers */,
				D1FC0DAD21772A9E00A058F1 /* Models */,
				D1FC0DB421772B3E00A058F1 /* Extensions */,
				D1FC0DAC21772A9000A058F1 /* View controllers */,
				D1FC0DB021772AF800A058F1 /* Views */,
				D1FC0D9E2177247400A058F1 /* Main.storyboard */,
				D1FC0DA12177247500A058F1 /* Assets.xcassets */,
				D1FC0DA32177247500A058F1 /* LaunchScreen.storyboard */,
				D1FC0DA62177247500A058F1 /* Info.plist */,
			);
			path = Doughnate;
			sourceTree = "<group>";
		};
		D1FC0DAC21772A9000A058F1 /* View controllers */ = {
			isa = PBXGroup;
			children = (
				D11B25A121A2DE4400ADC7F9 /* TabBarController.swift */,
				D1FC0D9C2177247400A058F1 /* ProjectListViewController.swift */,
				D1FC0DC1217739F500A058F1 /* FiltersViewController.swift */,
				D1FC0DBD2177303600A058F1 /* ProjectDetailsViewController.swift */,
				D11B25A321A2DF6B00ADC7F9 /* ProfileTableViewController.swift */,
				D11B25A521A2E30100ADC7F9 /* AccountSettingsTableViewController.swift */,
				D1DE4F2121B1247E00295C54 /* ChangePasswordViewController.swift */,
				D1AB924421B075FD00D95752 /* SMSSetupViewController.swift */,
				D11B259621A2C52D00ADC7F9 /* LoginViewController.swift */,
				D1DE4F1F21B120EE00295C54 /* ForgotPasswordViewController.swift */,
				D1ADA86C21AC0BBA006B2CCD /* PhoneVerificationViewController.swift */,
				D11B259821A2C66600ADC7F9 /* SignUpViewController.swift */,
				D1AB923E21B0678C00D95752 /* CreditCardsViewController.swift */,
			);
			path = "View controllers";
			sourceTree = "<group>";
		};
		D1FC0DAD21772A9E00A058F1 /* Models */ = {
			isa = PBXGroup;
			children = (
				D1ADA85B21ABF909006B2CCD /* NetworkError.swift */,
				D1ADA85D21ABF92C006B2CCD /* Response.swift */,
				D1FC0DAE21772AAA00A058F1 /* Project.swift */,
				D1FC0DC521775F6700A058F1 /* Filter.swift */,
				D11B259F21A2DC4F00ADC7F9 /* Token.swift */,
				D11B25A721A2E33C00ADC7F9 /* User.swift */,
				D1AB924021B069F400D95752 /* CreditCard.swift */,
			);
			path = Models;
			sourceTree = "<group>";
		};
		D1FC0DB021772AF800A058F1 /* Views */ = {
			isa = PBXGroup;
			children = (
				D1FC0DC72177720F00A058F1 /* Segues */,
				D1FC0DB121772B0700A058F1 /* Cells */,
			);
			path = Views;
			sourceTree = "<group>";
		};
		D1FC0DB121772B0700A058F1 /* Cells */ = {
			isa = PBXGroup;
			children = (
				D1FC0DB221772B1B00A058F1 /* ProjectTableViewCell.swift */,
				D1FC0DC321775D0500A058F1 /* FilterTableViewCell.swift */,
				D1AB924221B06C6F00D95752 /* CreditCardTableViewCell.swift */,
			);
			path = Cells;
			sourceTree = "<group>";
		};
		D1FC0DB421772B3E00A058F1 /* Extensions */ = {
			isa = PBXGroup;
			children = (
				D1FC0DB921772CC700A058F1 /* Int.swift */,
				D1FC0DB521772B5200A058F1 /* UITableView.swift */,
				D1FC0DB721772B9100A058F1 /* UITableViewCell.swift */,
				D1FC0DBB21772DC200A058F1 /* NumberFormatter.swift */,
				D1ADA86121ABF997006B2CCD /* URLRequest.swift */,
				D1ADA86A21ABFF35006B2CCD /* UIViewController.swift */,
			);
			path = Extensions;
			sourceTree = "<group>";
		};
		D1FC0DC72177720F00A058F1 /* Segues */ = {
			isa = PBXGroup;
			children = (
				D1FC0DC82177722300A058F1 /* ReplaceLastSegue.swift */,
			);
			path = Segues;
			sourceTree = "<group>";
		};
/* End PBXGroup section */

/* Begin PBXNativeTarget section */
		D1FC0D962177247400A058F1 /* Doughnate */ = {
			isa = PBXNativeTarget;
			buildConfigurationList = D1FC0DA92177247500A058F1 /* Build configuration list for PBXNativeTarget "Doughnate" */;
			buildPhases = (
				366F0AA9E9B7718DB2D16FC9 /* [CP] Check Pods Manifest.lock */,
				D1FC0D932177247400A058F1 /* Sources */,
				D1FC0D942177247400A058F1 /* Frameworks */,
				D1FC0D952177247400A058F1 /* Resources */,
				C6F52CFB4CC89C8E1C1EB33B /* [CP] Embed Pods Frameworks */,
			);
			buildRules = (
			);
			dependencies = (
			);
			name = Doughnate;
			productName = Doughnate;
			productReference = D1FC0D972177247400A058F1 /* Doughnate.app */;
			productType = "com.apple.product-type.application";
		};
/* End PBXNativeTarget section */

/* Begin PBXProject section */
		D1FC0D8F2177247400A058F1 /* Project object */ = {
			isa = PBXProject;
			attributes = {
				LastSwiftUpdateCheck = 1000;
				LastUpgradeCheck = 1000;
				ORGANIZATIONNAME = "Евгений Соболь";
				TargetAttributes = {
					D1FC0D962177247400A058F1 = {
						CreatedOnToolsVersion = 10.0;
					};
				};
			};
			buildConfigurationList = D1FC0D922177247400A058F1 /* Build configuration list for PBXProject "Doughnate" */;
			compatibilityVersion = "Xcode 9.3";
			developmentRegion = en;
			hasScannedForEncodings = 0;
			knownRegions = (
				en,
				Base,
			);
			mainGroup = D1FC0D8E2177247400A058F1;
			productRefGroup = D1FC0D982177247400A058F1 /* Products */;
			projectDirPath = "";
			projectRoot = "";
			targets = (
				D1FC0D962177247400A058F1 /* Doughnate */,
			);
		};
/* End PBXProject section */

/* Begin PBXResourcesBuildPhase section */
		D1FC0D952177247400A058F1 /* Resources */ = {
			isa = PBXResourcesBuildPhase;
			buildActionMask = 2147483647;
			files = (
				D1FC0DC02177389000A058F1 /* .gitignore in Resources */,
				D1FC0DA52177247500A058F1 /* LaunchScreen.storyboard in Resources */,
				D1FC0DA22177247500A058F1 /* Assets.xcassets in Resources */,
				D1FC0DA02177247400A058F1 /* Main.storyboard in Resources */,
			);
			runOnlyForDeploymentPostprocessing = 0;
		};
/* End PBXResourcesBuildPhase section */

/* Begin PBXShellScriptBuildPhase section */
		366F0AA9E9B7718DB2D16FC9 /* [CP] Check Pods Manifest.lock */ = {
			isa = PBXShellScriptBuildPhase;
			buildActionMask = 2147483647;
			files = (
			);
			inputPaths = (
				"${PODS_PODFILE_DIR_PATH}/Podfile.lock",
				"${PODS_ROOT}/Manifest.lock",
			);
			name = "[CP] Check Pods Manifest.lock";
			outputPaths = (
				"$(DERIVED_FILE_DIR)/Pods-Doughnate-checkManifestLockResult.txt",
			);
			runOnlyForDeploymentPostprocessing = 0;
			shellPath = /bin/sh;
			shellScript = "diff \"${PODS_PODFILE_DIR_PATH}/Podfile.lock\" \"${PODS_ROOT}/Manifest.lock\" > /dev/null\nif [ $? != 0 ] ; then\n    # print error to STDERR\n    echo \"error: The sandbox is not in sync with the Podfile.lock. Run 'pod install' or update your CocoaPods installation.\" >&2\n    exit 1\nfi\n# This output is used by Xcode 'outputs' to avoid re-running this script phase.\necho \"SUCCESS\" > \"${SCRIPT_OUTPUT_FILE_0}\"\n";
			showEnvVarsInLog = 0;
		};
		C6F52CFB4CC89C8E1C1EB33B /* [CP] Embed Pods Frameworks */ = {
			isa = PBXShellScriptBuildPhase;
			buildActionMask = 2147483647;
			files = (
			);
			inputPaths = (
				"${SRCROOT}/Pods/Target Support Files/Pods-Doughnate/Pods-Doughnate-frameworks.sh",
				"${BUILT_PRODUCTS_DIR}/Stripe/Stripe.framework",
				"${BUILT_PRODUCTS_DIR}/SwiftKeychainWrapper/SwiftKeychainWrapper.framework",
			);
			name = "[CP] Embed Pods Frameworks";
			outputPaths = (
				"${TARGET_BUILD_DIR}/${FRAMEWORKS_FOLDER_PATH}/Stripe.framework",
				"${TARGET_BUILD_DIR}/${FRAMEWORKS_FOLDER_PATH}/SwiftKeychainWrapper.framework",
			);
			runOnlyForDeploymentPostprocessing = 0;
			shellPath = /bin/sh;
			shellScript = "\"${SRCROOT}/Pods/Target Support Files/Pods-Doughnate/Pods-Doughnate-frameworks.sh\"\n";
			showEnvVarsInLog = 0;
		};
/* End PBXShellScriptBuildPhase section */

/* Begin PBXSourcesBuildPhase section */
		D1FC0D932177247400A058F1 /* Sources */ = {
			isa = PBXSourcesBuildPhase;
			buildActionMask = 2147483647;
			files = (
				D1ADA85A21ABF896006B2CCD /* NetworkManager.swift in Sources */,
				D1AB923F21B0678C00D95752 /* CreditCardsViewController.swift in Sources */,
				D11B25A621A2E30100ADC7F9 /* AccountSettingsTableViewController.swift in Sources */,
				D11B259721A2C52D00ADC7F9 /* LoginViewController.swift in Sources */,
				D1FC0D9D2177247400A058F1 /* ProjectListViewController.swift in Sources */,
				D1FC0DC621775F6700A058F1 /* Filter.swift in Sources */,
				D1FC0D9B2177247400A058F1 /* AppDelegate.swift in Sources */,
				D1FC0DB621772B5200A058F1 /* UITableView.swift in Sources */,
				D1FC0DBA21772CC700A058F1 /* Int.swift in Sources */,
				D1ADA86021ABF946006B2CCD /* ApiManager.swift in Sources */,
				D11B25A421A2DF6B00ADC7F9 /* ProfileTableViewController.swift in Sources */,
				D1ADA85C21ABF909006B2CCD /* NetworkError.swift in Sources */,
				D1DE4F2221B1247E00295C54 /* ChangePasswordViewController.swift in Sources */,
				D1ADA86421ABF9BF006B2CCD /* Constants.swift in Sources */,
				D1ADA86721ABFA7F006B2CCD /* Requests.swift in Sources */,
				D11B259E21A2CD8200ADC7F9 /* KeychainManager.swift in Sources */,
				D1ADA86B21ABFF35006B2CCD /* UIViewController.swift in Sources */,
				D11B259C21A2C87A00ADC7F9 /* UserManager.swift in Sources */,
				D11B25A821A2E33C00ADC7F9 /* User.swift in Sources */,
				D1FC0DC2217739F500A058F1 /* FiltersViewController.swift in Sources */,
				D1ADA86D21AC0BBA006B2CCD /* PhoneVerificationViewController.swift in Sources */,
				D1ADA86221ABF997006B2CCD /* URLRequest.swift in Sources */,
				D11B25A021A2DC4F00ADC7F9 /* Token.swift in Sources */,
				D1AB924321B06C6F00D95752 /* CreditCardTableViewCell.swift in Sources */,
				D11B25A221A2DE4400ADC7F9 /* TabBarController.swift in Sources */,
				D1FC0DB821772B9100A058F1 /* UITableViewCell.swift in Sources */,
				D1FC0DC92177722300A058F1 /* ReplaceLastSegue.swift in Sources */,
				D11B259921A2C66600ADC7F9 /* SignUpViewController.swift in Sources */,
				D1FC0DBC21772DC200A058F1 /* NumberFormatter.swift in Sources */,
				D1AB924121B069F400D95752 /* CreditCard.swift in Sources */,
				D1AB924521B075FD00D95752 /* SMSSetupViewController.swift in Sources */,
				D1FC0DBE2177303600A058F1 /* ProjectDetailsViewController.swift in Sources */,
				D1FC0DC421775D0500A058F1 /* FilterTableViewCell.swift in Sources */,
				D1DE4F2021B120EE00295C54 /* ForgotPasswordViewController.swift in Sources */,
				D1FC0DAF21772AAA00A058F1 /* Project.swift in Sources */,
				D1FC0DB321772B1B00A058F1 /* ProjectTableViewCell.swift in Sources */,
				D1ADA85E21ABF92C006B2CCD /* Response.swift in Sources */,
			);
			runOnlyForDeploymentPostprocessing = 0;
		};
/* End PBXSourcesBuildPhase section */

/* Begin PBXVariantGroup section */
		D1FC0D9E2177247400A058F1 /* Main.storyboard */ = {
			isa = PBXVariantGroup;
			children = (
				D1FC0D9F2177247400A058F1 /* Base */,
			);
			name = Main.storyboard;
			sourceTree = "<group>";
		};
		D1FC0DA32177247500A058F1 /* LaunchScreen.storyboard */ = {
			isa = PBXVariantGroup;
			children = (
				D1FC0DA42177247500A058F1 /* Base */,
			);
			name = LaunchScreen.storyboard;
			sourceTree = "<group>";
		};
/* End PBXVariantGroup section */

/* Begin XCBuildConfiguration section */
		D1FC0DA72177247500A058F1 /* Debug */ = {
			isa = XCBuildConfiguration;
			buildSettings = {
				ALWAYS_SEARCH_USER_PATHS = NO;
				CLANG_ANALYZER_NONNULL = YES;
				CLANG_ANALYZER_NUMBER_OBJECT_CONVERSION = YES_AGGRESSIVE;
				CLANG_CXX_LANGUAGE_STANDARD = "gnu++14";
				CLANG_CXX_LIBRARY = "libc++";
				CLANG_ENABLE_MODULES = YES;
				CLANG_ENABLE_OBJC_ARC = YES;
				CLANG_ENABLE_OBJC_WEAK = YES;
				CLANG_WARN_BLOCK_CAPTURE_AUTORELEASING = YES;
				CLANG_WARN_BOOL_CONVERSION = YES;
				CLANG_WARN_COMMA = YES;
				CLANG_WARN_CONSTANT_CONVERSION = YES;
				CLANG_WARN_DEPRECATED_OBJC_IMPLEMENTATIONS = YES;
				CLANG_WARN_DIRECT_OBJC_ISA_USAGE = YES_ERROR;
				CLANG_WARN_DOCUMENTATION_COMMENTS = YES;
				CLANG_WARN_EMPTY_BODY = YES;
				CLANG_WARN_ENUM_CONVERSION = YES;
				CLANG_WARN_INFINITE_RECURSION = YES;
				CLANG_WARN_INT_CONVERSION = YES;
				CLANG_WARN_NON_LITERAL_NULL_CONVERSION = YES;
				CLANG_WARN_OBJC_IMPLICIT_RETAIN_SELF = YES;
				CLANG_WARN_OBJC_LITERAL_CONVERSION = YES;
				CLANG_WARN_OBJC_ROOT_CLASS = YES_ERROR;
				CLANG_WARN_RANGE_LOOP_ANALYSIS = YES;
				CLANG_WARN_STRICT_PROTOTYPES = YES;
				CLANG_WARN_SUSPICIOUS_MOVE = YES;
				CLANG_WARN_UNGUARDED_AVAILABILITY = YES_AGGRESSIVE;
				CLANG_WARN_UNREACHABLE_CODE = YES;
				CLANG_WARN__DUPLICATE_METHOD_MATCH = YES;
				CODE_SIGN_IDENTITY = "iPhone Developer";
				COPY_PHASE_STRIP = NO;
				DEBUG_INFORMATION_FORMAT = dwarf;
				ENABLE_STRICT_OBJC_MSGSEND = YES;
				ENABLE_TESTABILITY = YES;
				GCC_C_LANGUAGE_STANDARD = gnu11;
				GCC_DYNAMIC_NO_PIC = NO;
				GCC_NO_COMMON_BLOCKS = YES;
				GCC_OPTIMIZATION_LEVEL = 0;
				GCC_PREPROCESSOR_DEFINITIONS = (
					"DEBUG=1",
					"$(inherited)",
				);
				GCC_WARN_64_TO_32_BIT_CONVERSION = YES;
				GCC_WARN_ABOUT_RETURN_TYPE = YES_ERROR;
				GCC_WARN_UNDECLARED_SELECTOR = YES;
				GCC_WARN_UNINITIALIZED_AUTOS = YES_AGGRESSIVE;
				GCC_WARN_UNUSED_FUNCTION = YES;
				GCC_WARN_UNUSED_VARIABLE = YES;
				IPHONEOS_DEPLOYMENT_TARGET = 12.0;
				MTL_ENABLE_DEBUG_INFO = INCLUDE_SOURCE;
				MTL_FAST_MATH = YES;
				ONLY_ACTIVE_ARCH = YES;
				SDKROOT = iphoneos;
				SWIFT_ACTIVE_COMPILATION_CONDITIONS = DEBUG;
				SWIFT_OPTIMIZATION_LEVEL = "-Onone";
			};
			name = Debug;
		};
		D1FC0DA82177247500A058F1 /* Release */ = {
			isa = XCBuildConfiguration;
			buildSettings = {
				ALWAYS_SEARCH_USER_PATHS = NO;
				CLANG_ANALYZER_NONNULL = YES;
				CLANG_ANALYZER_NUMBER_OBJECT_CONVERSION = YES_AGGRESSIVE;
				CLANG_CXX_LANGUAGE_STANDARD = "gnu++14";
				CLANG_CXX_LIBRARY = "libc++";
				CLANG_ENABLE_MODULES = YES;
				CLANG_ENABLE_OBJC_ARC = YES;
				CLANG_ENABLE_OBJC_WEAK = YES;
				CLANG_WARN_BLOCK_CAPTURE_AUTORELEASING = YES;
				CLANG_WARN_BOOL_CONVERSION = YES;
				CLANG_WARN_COMMA = YES;
				CLANG_WARN_CONSTANT_CONVERSION = YES;
				CLANG_WARN_DEPRECATED_OBJC_IMPLEMENTATIONS = YES;
				CLANG_WARN_DIRECT_OBJC_ISA_USAGE = YES_ERROR;
				CLANG_WARN_DOCUMENTATION_COMMENTS = YES;
				CLANG_WARN_EMPTY_BODY = YES;
				CLANG_WARN_ENUM_CONVERSION = YES;
				CLANG_WARN_INFINITE_RECURSION = YES;
				CLANG_WARN_INT_CONVERSION = YES;
				CLANG_WARN_NON_LITERAL_NULL_CONVERSION = YES;
				CLANG_WARN_OBJC_IMPLICIT_RETAIN_SELF = YES;
				CLANG_WARN_OBJC_LITERAL_CONVERSION = YES;
				CLANG_WARN_OBJC_ROOT_CLASS = YES_ERROR;
				CLANG_WARN_RANGE_LOOP_ANALYSIS = YES;
				CLANG_WARN_STRICT_PROTOTYPES = YES;
				CLANG_WARN_SUSPICIOUS_MOVE = YES;
				CLANG_WARN_UNGUARDED_AVAILABILITY = YES_AGGRESSIVE;
				CLANG_WARN_UNREACHABLE_CODE = YES;
				CLANG_WARN__DUPLICATE_METHOD_MATCH = YES;
				CODE_SIGN_IDENTITY = "iPhone Developer";
				COPY_PHASE_STRIP = NO;
				DEBUG_INFORMATION_FORMAT = "dwarf-with-dsym";
				ENABLE_NS_ASSERTIONS = NO;
				ENABLE_STRICT_OBJC_MSGSEND = YES;
				GCC_C_LANGUAGE_STANDARD = gnu11;
				GCC_NO_COMMON_BLOCKS = YES;
				GCC_WARN_64_TO_32_BIT_CONVERSION = YES;
				GCC_WARN_ABOUT_RETURN_TYPE = YES_ERROR;
				GCC_WARN_UNDECLARED_SELECTOR = YES;
				GCC_WARN_UNINITIALIZED_AUTOS = YES_AGGRESSIVE;
				GCC_WARN_UNUSED_FUNCTION = YES;
				GCC_WARN_UNUSED_VARIABLE = YES;
				IPHONEOS_DEPLOYMENT_TARGET = 12.0;
				MTL_ENABLE_DEBUG_INFO = NO;
				MTL_FAST_MATH = YES;
				SDKROOT = iphoneos;
				SWIFT_COMPILATION_MODE = wholemodule;
				SWIFT_OPTIMIZATION_LEVEL = "-O";
				VALIDATE_PRODUCT = YES;
			};
			name = Release;
		};
		D1FC0DAA2177247500A058F1 /* Debug */ = {
			isa = XCBuildConfiguration;
			baseConfigurationReference = 645CE2C1FA4618ED2CDA2A49 /* Pods-Doughnate.debug.xcconfig */;
			buildSettings = {
				ASSETCATALOG_COMPILER_APPICON_NAME = AppIcon;
				CODE_SIGN_STYLE = Automatic;
				DEVELOPMENT_TEAM = 59BWRK25DR;
				INFOPLIST_FILE = Doughnate/Info.plist;
				LD_RUNPATH_SEARCH_PATHS = (
					"$(inherited)",
					"@executable_path/Frameworks",
				);
				PRODUCT_BUNDLE_IDENTIFIER = com.esobol.Doughnate;
				PRODUCT_NAME = "$(TARGET_NAME)";
				SWIFT_VERSION = 4.2;
				TARGETED_DEVICE_FAMILY = "1,2";
			};
			name = Debug;
		};
		D1FC0DAB2177247500A058F1 /* Release */ = {
			isa = XCBuildConfiguration;
			baseConfigurationReference = 4B63174CF22EEF1D6072D336 /* Pods-Doughnate.release.xcconfig */;
			buildSettings = {
				ASSETCATALOG_COMPILER_APPICON_NAME = AppIcon;
				CODE_SIGN_STYLE = Automatic;
				DEVELOPMENT_TEAM = 59BWRK25DR;
				INFOPLIST_FILE = Doughnate/Info.plist;
				LD_RUNPATH_SEARCH_PATHS = (
					"$(inherited)",
					"@executable_path/Frameworks",
				);
				PRODUCT_BUNDLE_IDENTIFIER = com.esobol.Doughnate;
				PRODUCT_NAME = "$(TARGET_NAME)";
				SWIFT_VERSION = 4.2;
				TARGETED_DEVICE_FAMILY = "1,2";
			};
			name = Release;
		};
/* End XCBuildConfiguration section */

/* Begin XCConfigurationList section */
		D1FC0D922177247400A058F1 /* Build configuration list for PBXProject "Doughnate" */ = {
			isa = XCConfigurationList;
			buildConfigurations = (
				D1FC0DA72177247500A058F1 /* Debug */,
				D1FC0DA82177247500A058F1 /* Release */,
			);
			defaultConfigurationIsVisible = 0;
			defaultConfigurationName = Release;
		};
		D1FC0DA92177247500A058F1 /* Build configuration list for PBXNativeTarget "Doughnate" */ = {
			isa = XCConfigurationList;
			buildConfigurations = (
				D1FC0DAA2177247500A058F1 /* Debug */,
				D1FC0DAB2177247500A058F1 /* Release */,
			);
			defaultConfigurationIsVisible = 0;
			defaultConfigurationName = Release;
		};
/* End XCConfigurationList section */
	};
	rootObject = D1FC0D8F2177247400A058F1 /* Project object */;
}
